
Microsoft Visual Studio Solution File, Format Version 12.00
# Visual Studio Version 17
VisualStudioVersion = 17.10.34928.147
MinimumVisualStudioVersion = 10.0.40219.1
Project("{8BC9CEB8-8B4A-11D0-8D11-00A0C91BC942}") = "01절차지향프로그래밍", "..\절차지향프로그래밍\절차지향프로그래밍.vcxproj", "{C93A36D9-F8AD-447C-B020-5CD11907E847}"
EndProject
Project("{8BC9CEB8-8B4A-11D0-8D11-00A0C91BC942}") = "02객체 지향 프로그래밍", "..\객체 지향 프로그래밍\객체 지향 프로그래밍.vcxproj", "{65E4EC1D-F7A6-454D-BC62-549BDEF2ADE8}"
EndProject
Project("{8BC9CEB8-8B4A-11D0-8D11-00A0C91BC942}") = "03함수형 프로그래밍", "..\함수형 프로그래밍\함수형 프로그래밍.vcxproj", "{ED0334AF-F08F-49EC-85BC-A9C9A8F1C536}"
EndProject
Project("{8BC9CEB8-8B4A-11D0-8D11-00A0C91BC942}") = "04 클래스 생성자, 소멸자", "..\04 클래스 생성자, 소멸자\04 클래스 생성자, 소멸자.vcxproj", "{DADE0756-7038-453C-91B0-D6C3A266E54E}"
EndProject
Project("{8BC9CEB8-8B4A-11D0-8D11-00A0C91BC942}") = "05 연산자 오버로딩", "..\05 연산자 오버로딩\05 연산자 오버로딩.vcxproj", "{3CB5ACF9-2CB5-4F19-B505-E30CB52CE983}"
EndProject
Project("{8BC9CEB8-8B4A-11D0-8D11-00A0C91BC942}") = "06 스트링 클래스 프로그래밍", "..\06 스트링 클래스 프로그래밍\06 스트링 클래스 프로그래밍.vcxproj", "{E24BCAE0-949F-46F1-882F-48D35DF86B0A}"
EndProject
Project("{8BC9CEB8-8B4A-11D0-8D11-00A0C91BC942}") = "07 Direct Addressing Table(DAT), HASH TABLE", "..\07 Direct Addressing Table(DAT), HASH TABLE\07 Direct Addressing Table(DAT), HASH TABLE.vcxproj", "{96100D49-A4D2-4A6C-BE0B-5912208F6071}"
EndProject
Project("{8BC9CEB8-8B4A-11D0-8D11-00A0C91BC942}") = "08 패딩 바이트 테스트", "..\08 패딩 바이트 테스트\08 패딩 바이트 테스트.vcxproj", "{8F6AC00F-5C82-412B-B94C-F31F8EB828EE}"
EndProject
Project("{8BC9CEB8-8B4A-11D0-8D11-00A0C91BC942}") = "09 매크로 TEST 01", "09 매크로 TEST 01\09 매크로 TEST 01.vcxproj", "{49A0B377-DDD1-430F-B40A-05BF2A2F4C3E}"
EndProject
Project("{8BC9CEB8-8B4A-11D0-8D11-00A0C91BC942}") = "10 매크로 TEST 02", "10 매크로 TEST 02\10 매크로 TEST 02.vcxproj", "{2656E81F-55E5-40F4-8E07-B4B47B2C1373}"
EndProject
Project("{8BC9CEB8-8B4A-11D0-8D11-00A0C91BC942}") = "11 매크로 TEST 03", "11 매크로 TEST 03\11 매크로 TEST 03.vcxproj", "{9A6F8941-9E4E-4165-B2F2-70A8CC5403F6}"
EndProject
Project("{8BC9CEB8-8B4A-11D0-8D11-00A0C91BC942}") = "12 가상 함수를 형성 했을때 sizeof를 해보자", "12 가상 함수를 형성 했을때 sizeof를 해보자\12 가상 함수를 형성 했을때 sizeof를 해보자.vcxproj", "{30FA5CD2-FDE1-4BAA-9A57-3D10DF9A3FFC}"
EndProject
Project("{8BC9CEB8-8B4A-11D0-8D11-00A0C91BC942}") = "13 클래스의 생성자와 소멸자의 객체의 상속의 관계를 알아보자", "13 클래스의 생성자와 소멸자의 객체의 상속의 관계를 알아보자\13 클래스의 생성자와 소멸자의 객체의 상속의 관계를 알아보자.vcxproj", "{98FC953C-8F54-4F9B-8408-6D13EAFC4417}"
EndProject
Project("{8BC9CEB8-8B4A-11D0-8D11-00A0C91BC942}") = "14 Editor_window2", "14 Editor_window2\14 Editor_window2.vcxproj", "{654CCA27-CC2A-4B37-99B6-50F3D98C2906}"
EndProject
Project("{8BC9CEB8-8B4A-11D0-8D11-00A0C91BC942}") = "15 SAL TEST", "15 SAL TEST\15 SAL TEST.vcxproj", "{4923A5D1-ED57-4C3B-9768-E9D306CAC10E}"
EndProject
Global
	GlobalSection(SolutionConfigurationPlatforms) = preSolution
		Debug|x64 = Debug|x64
		Debug|x86 = Debug|x86
		Release|x64 = Release|x64
		Release|x86 = Release|x86
	EndGlobalSection
	GlobalSection(ProjectConfigurationPlatforms) = postSolution
		{C93A36D9-F8AD-447C-B020-5CD11907E847}.Debug|x64.ActiveCfg = Debug|x64
		{C93A36D9-F8AD-447C-B020-5CD11907E847}.Debug|x64.Build.0 = Debug|x64
		{C93A36D9-F8AD-447C-B020-5CD11907E847}.Debug|x86.ActiveCfg = Debug|Win32
		{C93A36D9-F8AD-447C-B020-5CD11907E847}.Debug|x86.Build.0 = Debug|Win32
		{C93A36D9-F8AD-447C-B020-5CD11907E847}.Release|x64.ActiveCfg = Release|x64
		{C93A36D9-F8AD-447C-B020-5CD11907E847}.Release|x64.Build.0 = Release|x64
		{C93A36D9-F8AD-447C-B020-5CD11907E847}.Release|x86.ActiveCfg = Release|Win32
		{C93A36D9-F8AD-447C-B020-5CD11907E847}.Release|x86.Build.0 = Release|Win32
		{65E4EC1D-F7A6-454D-BC62-549BDEF2ADE8}.Debug|x64.ActiveCfg = Debug|x64
		{65E4EC1D-F7A6-454D-BC62-549BDEF2ADE8}.Debug|x64.Build.0 = Debug|x64
		{65E4EC1D-F7A6-454D-BC62-549BDEF2ADE8}.Debug|x86.ActiveCfg = Debug|Win32
		{65E4EC1D-F7A6-454D-BC62-549BDEF2ADE8}.Debug|x86.Build.0 = Debug|Win32
		{65E4EC1D-F7A6-454D-BC62-549BDEF2ADE8}.Release|x64.ActiveCfg = Release|x64
		{65E4EC1D-F7A6-454D-BC62-549BDEF2ADE8}.Release|x64.Build.0 = Release|x64
		{65E4EC1D-F7A6-454D-BC62-549BDEF2ADE8}.Release|x86.ActiveCfg = Release|Win32
		{65E4EC1D-F7A6-454D-BC62-549BDEF2ADE8}.Release|x86.Build.0 = Release|Win32
		{ED0334AF-F08F-49EC-85BC-A9C9A8F1C536}.Debug|x64.ActiveCfg = Debug|x64
		{ED0334AF-F08F-49EC-85BC-A9C9A8F1C536}.Debug|x64.Build.0 = Debug|x64
		{ED0334AF-F08F-49EC-85BC-A9C9A8F1C536}.Debug|x86.ActiveCfg = Debug|Win32
		{ED0334AF-F08F-49EC-85BC-A9C9A8F1C536}.Debug|x86.Build.0 = Debug|Win32
		{ED0334AF-F08F-49EC-85BC-A9C9A8F1C536}.Release|x64.ActiveCfg = Release|x64
		{ED0334AF-F08F-49EC-85BC-A9C9A8F1C536}.Release|x64.Build.0 = Release|x64
		{ED0334AF-F08F-49EC-85BC-A9C9A8F1C536}.Release|x86.ActiveCfg = Release|Win32
		{ED0334AF-F08F-49EC-85BC-A9C9A8F1C536}.Release|x86.Build.0 = Release|Win32
		{DADE0756-7038-453C-91B0-D6C3A266E54E}.Debug|x64.ActiveCfg = Debug|x64
		{DADE0756-7038-453C-91B0-D6C3A266E54E}.Debug|x64.Build.0 = Debug|x64
		{DADE0756-7038-453C-91B0-D6C3A266E54E}.Debug|x86.ActiveCfg = Debug|Win32
		{DADE0756-7038-453C-91B0-D6C3A266E54E}.Debug|x86.Build.0 = Debug|Win32
		{DADE0756-7038-453C-91B0-D6C3A266E54E}.Release|x64.ActiveCfg = Release|x64
		{DADE0756-7038-453C-91B0-D6C3A266E54E}.Release|x64.Build.0 = Release|x64
		{DADE0756-7038-453C-91B0-D6C3A266E54E}.Release|x86.ActiveCfg = Release|Win32
		{DADE0756-7038-453C-91B0-D6C3A266E54E}.Release|x86.Build.0 = Release|Win32
		{3CB5ACF9-2CB5-4F19-B505-E30CB52CE983}.Debug|x64.ActiveCfg = Debug|x64
		{3CB5ACF9-2CB5-4F19-B505-E30CB52CE983}.Debug|x64.Build.0 = Debug|x64
		{3CB5ACF9-2CB5-4F19-B505-E30CB52CE983}.Debug|x86.ActiveCfg = Debug|Win32
		{3CB5ACF9-2CB5-4F19-B505-E30CB52CE983}.Debug|x86.Build.0 = Debug|Win32
		{3CB5ACF9-2CB5-4F19-B505-E30CB52CE983}.Release|x64.ActiveCfg = Release|x64
		{3CB5ACF9-2CB5-4F19-B505-E30CB52CE983}.Release|x64.Build.0 = Release|x64
		{3CB5ACF9-2CB5-4F19-B505-E30CB52CE983}.Release|x86.ActiveCfg = Release|Win32
		{3CB5ACF9-2CB5-4F19-B505-E30CB52CE983}.Release|x86.Build.0 = Release|Win32
		{E24BCAE0-949F-46F1-882F-48D35DF86B0A}.Debug|x64.ActiveCfg = Debug|x64
		{E24BCAE0-949F-46F1-882F-48D35DF86B0A}.Debug|x64.Build.0 = Debug|x64
		{E24BCAE0-949F-46F1-882F-48D35DF86B0A}.Debug|x86.ActiveCfg = Debug|Win32
		{E24BCAE0-949F-46F1-882F-48D35DF86B0A}.Debug|x86.Build.0 = Debug|Win32
		{E24BCAE0-949F-46F1-882F-48D35DF86B0A}.Release|x64.ActiveCfg = Release|x64
		{E24BCAE0-949F-46F1-882F-48D35DF86B0A}.Release|x64.Build.0 = Release|x64
		{E24BCAE0-949F-46F1-882F-48D35DF86B0A}.Release|x86.ActiveCfg = Release|Win32
		{E24BCAE0-949F-46F1-882F-48D35DF86B0A}.Release|x86.Build.0 = Release|Win32
		{96100D49-A4D2-4A6C-BE0B-5912208F6071}.Debug|x64.ActiveCfg = Debug|x64
		{96100D49-A4D2-4A6C-BE0B-5912208F6071}.Debug|x64.Build.0 = Debug|x64
		{96100D49-A4D2-4A6C-BE0B-5912208F6071}.Debug|x86.ActiveCfg = Debug|Win32
		{96100D49-A4D2-4A6C-BE0B-5912208F6071}.Debug|x86.Build.0 = Debug|Win32
		{96100D49-A4D2-4A6C-BE0B-5912208F6071}.Release|x64.ActiveCfg = Release|x64
		{96100D49-A4D2-4A6C-BE0B-5912208F6071}.Release|x64.Build.0 = Release|x64
		{96100D49-A4D2-4A6C-BE0B-5912208F6071}.Release|x86.ActiveCfg = Release|Win32
		{96100D49-A4D2-4A6C-BE0B-5912208F6071}.Release|x86.Build.0 = Release|Win32
		{8F6AC00F-5C82-412B-B94C-F31F8EB828EE}.Debug|x64.ActiveCfg = Debug|x64
		{8F6AC00F-5C82-412B-B94C-F31F8EB828EE}.Debug|x64.Build.0 = Debug|x64
		{8F6AC00F-5C82-412B-B94C-F31F8EB828EE}.Debug|x86.ActiveCfg = Debug|Win32
		{8F6AC00F-5C82-412B-B94C-F31F8EB828EE}.Debug|x86.Build.0 = Debug|Win32
		{8F6AC00F-5C82-412B-B94C-F31F8EB828EE}.Release|x64.ActiveCfg = Release|x64
		{8F6AC00F-5C82-412B-B94C-F31F8EB828EE}.Release|x64.Build.0 = Release|x64
		{8F6AC00F-5C82-412B-B94C-F31F8EB828EE}.Release|x86.ActiveCfg = Release|Win32
		{8F6AC00F-5C82-412B-B94C-F31F8EB828EE}.Release|x86.Build.0 = Release|Win32
		{49A0B377-DDD1-430F-B40A-05BF2A2F4C3E}.Debug|x64.ActiveCfg = Debug|x64
		{49A0B377-DDD1-430F-B40A-05BF2A2F4C3E}.Debug|x64.Build.0 = Debug|x64
		{49A0B377-DDD1-430F-B40A-05BF2A2F4C3E}.Debug|x86.ActiveCfg = Debug|Win32
		{49A0B377-DDD1-430F-B40A-05BF2A2F4C3E}.Debug|x86.Build.0 = Debug|Win32
		{49A0B377-DDD1-430F-B40A-05BF2A2F4C3E}.Release|x64.ActiveCfg = Release|x64
		{49A0B377-DDD1-430F-B40A-05BF2A2F4C3E}.Release|x64.Build.0 = Release|x64
		{49A0B377-DDD1-430F-B40A-05BF2A2F4C3E}.Release|x86.ActiveCfg = Release|Win32
		{49A0B377-DDD1-430F-B40A-05BF2A2F4C3E}.Release|x86.Build.0 = Release|Win32
		{2656E81F-55E5-40F4-8E07-B4B47B2C1373}.Debug|x64.ActiveCfg = Debug|x64
		{2656E81F-55E5-40F4-8E07-B4B47B2C1373}.Debug|x64.Build.0 = Debug|x64
		{2656E81F-55E5-40F4-8E07-B4B47B2C1373}.Debug|x86.ActiveCfg = Debug|Win32
		{2656E81F-55E5-40F4-8E07-B4B47B2C1373}.Debug|x86.Build.0 = Debug|Win32
		{2656E81F-55E5-40F4-8E07-B4B47B2C1373}.Release|x64.ActiveCfg = Release|x64
		{2656E81F-55E5-40F4-8E07-B4B47B2C1373}.Release|x64.Build.0 = Release|x64
		{2656E81F-55E5-40F4-8E07-B4B47B2C1373}.Release|x86.ActiveCfg = Release|Win32
		{2656E81F-55E5-40F4-8E07-B4B47B2C1373}.Release|x86.Build.0 = Release|Win32
		{9A6F8941-9E4E-4165-B2F2-70A8CC5403F6}.Debug|x64.ActiveCfg = Debug|x64
		{9A6F8941-9E4E-4165-B2F2-70A8CC5403F6}.Debug|x64.Build.0 = Debug|x64
		{9A6F8941-9E4E-4165-B2F2-70A8CC5403F6}.Debug|x86.ActiveCfg = Debug|Win32
		{9A6F8941-9E4E-4165-B2F2-70A8CC5403F6}.Debug|x86.Build.0 = Debug|Win32
		{9A6F8941-9E4E-4165-B2F2-70A8CC5403F6}.Release|x64.ActiveCfg = Release|x64
		{9A6F8941-9E4E-4165-B2F2-70A8CC5403F6}.Release|x64.Build.0 = Release|x64
		{9A6F8941-9E4E-4165-B2F2-70A8CC5403F6}.Release|x86.ActiveCfg = Release|Win32
		{9A6F8941-9E4E-4165-B2F2-70A8CC5403F6}.Release|x86.Build.0 = Release|Win32
		{30FA5CD2-FDE1-4BAA-9A57-3D10DF9A3FFC}.Debug|x64.ActiveCfg = Debug|x64
		{30FA5CD2-FDE1-4BAA-9A57-3D10DF9A3FFC}.Debug|x64.Build.0 = Debug|x64
		{30FA5CD2-FDE1-4BAA-9A57-3D10DF9A3FFC}.Debug|x86.ActiveCfg = Debug|Win32
		{30FA5CD2-FDE1-4BAA-9A57-3D10DF9A3FFC}.Debug|x86.Build.0 = Debug|Win32
		{30FA5CD2-FDE1-4BAA-9A57-3D10DF9A3FFC}.Release|x64.ActiveCfg = Release|x64
		{30FA5CD2-FDE1-4BAA-9A57-3D10DF9A3FFC}.Release|x64.Build.0 = Release|x64
		{30FA5CD2-FDE1-4BAA-9A57-3D10DF9A3FFC}.Release|x86.ActiveCfg = Release|Win32
		{30FA5CD2-FDE1-4BAA-9A57-3D10DF9A3FFC}.Release|x86.Build.0 = Release|Win32
		{98FC953C-8F54-4F9B-8408-6D13EAFC4417}.Debug|x64.ActiveCfg = Debug|x64
		{98FC953C-8F54-4F9B-8408-6D13EAFC4417}.Debug|x64.Build.0 = Debug|x64
		{98FC953C-8F54-4F9B-8408-6D13EAFC4417}.Debug|x86.ActiveCfg = Debug|Win32
		{98FC953C-8F54-4F9B-8408-6D13EAFC4417}.Debug|x86.Build.0 = Debug|Win32
		{98FC953C-8F54-4F9B-8408-6D13EAFC4417}.Release|x64.ActiveCfg = Release|x64
		{98FC953C-8F54-4F9B-8408-6D13EAFC4417}.Release|x64.Build.0 = Release|x64
		{98FC953C-8F54-4F9B-8408-6D13EAFC4417}.Release|x86.ActiveCfg = Release|Win32
		{98FC953C-8F54-4F9B-8408-6D13EAFC4417}.Release|x86.Build.0 = Release|Win32
		{654CCA27-CC2A-4B37-99B6-50F3D98C2906}.Debug|x64.ActiveCfg = Debug|x64
		{654CCA27-CC2A-4B37-99B6-50F3D98C2906}.Debug|x64.Build.0 = Debug|x64
		{654CCA27-CC2A-4B37-99B6-50F3D98C2906}.Debug|x86.ActiveCfg = Debug|Win32
		{654CCA27-CC2A-4B37-99B6-50F3D98C2906}.Debug|x86.Build.0 = Debug|Win32
		{654CCA27-CC2A-4B37-99B6-50F3D98C2906}.Release|x64.ActiveCfg = Release|x64
		{654CCA27-CC2A-4B37-99B6-50F3D98C2906}.Release|x64.Build.0 = Release|x64
		{654CCA27-CC2A-4B37-99B6-50F3D98C2906}.Release|x86.ActiveCfg = Release|Win32
		{654CCA27-CC2A-4B37-99B6-50F3D98C2906}.Release|x86.Build.0 = Release|Win32
		{4923A5D1-ED57-4C3B-9768-E9D306CAC10E}.Debug|x64.ActiveCfg = Debug|x64
		{4923A5D1-ED57-4C3B-9768-E9D306CAC10E}.Debug|x64.Build.0 = Debug|x64
		{4923A5D1-ED57-4C3B-9768-E9D306CAC10E}.Debug|x86.ActiveCfg = Debug|Win32
		{4923A5D1-ED57-4C3B-9768-E9D306CAC10E}.Debug|x86.Build.0 = Debug|Win32
		{4923A5D1-ED57-4C3B-9768-E9D306CAC10E}.Release|x64.ActiveCfg = Release|x64
		{4923A5D1-ED57-4C3B-9768-E9D306CAC10E}.Release|x64.Build.0 = Release|x64
		{4923A5D1-ED57-4C3B-9768-E9D306CAC10E}.Release|x86.ActiveCfg = Release|Win32
		{4923A5D1-ED57-4C3B-9768-E9D306CAC10E}.Release|x86.Build.0 = Release|Win32
	EndGlobalSection
	GlobalSection(SolutionProperties) = preSolution
		HideSolutionNode = FALSE
	EndGlobalSection
	GlobalSection(ExtensibilityGlobals) = postSolution
		SolutionGuid = {20467CE2-F7A8-4255-A4F6-FAB73937534B}
	EndGlobalSection
EndGlobal
